
Microsoft Visual Studio Solution File, Format Version 12.00
# Visual Studio Version 17
VisualStudioVersion = 17.3.32804.467
MinimumVisualStudioVersion = 10.0.40219.1
Project("{FAE04EC0-301F-11D3-BF4B-00C04F79EFBC}") = "ClassLibraryStudy", "ClassLibraryStudy\ClassLibraryStudy.csproj", "{FFE69296-93B8-4782-872C-01F425AB6B5B}"
EndProject
Global
	GlobalSection(SolutionConfigurationPlatforms) = preSolution
		Debug|Any CPU = Debug|Any CPU
		Release|Any CPU = Release|Any CPU
	EndGlobalSection
	GlobalSection(ProjectConfigurationPlatforms) = postSolution
		{FFE69296-93B8-4782-872C-01F425AB6B5B}.Debug|Any CPU.ActiveCfg = Debug|Any CPU
		{FFE69296-93B8-4782-872C-01F425AB6B5B}.Debug|Any CPU.Build.0 = Debug|Any CPU
		{FFE69296-93B8-4782-872C-01F425AB6B5B}.Release|Any CPU.ActiveCfg = Release|Any CPU
		{FFE69296-93B8-4782-872C-01F425AB6B5B}.Release|Any CPU.Build.0 = Release|Any CPU
	EndGlobalSection
	GlobalSection(SolutionProperties) = preSolution
		HideSolutionNode = FALSE
	EndGlobalSection
	GlobalSection(ExtensibilityGlobals) = postSolution
		SolutionGuid = {82BA3FBC-7498-46DB-9FFA-BC13AEF5E629}
	EndGlobalSection
EndGlobal
